
Microsoft Visual Studio Solution File, Format Version 12.00
# Visual Studio 14
VisualStudioVersion = 14.0.25420.1
MinimumVisualStudioVersion = 10.0.40219.1
Project("{FAE04EC0-301F-11D3-BF4B-00C04F79EFBC}") = "uantillas.eMatricula", "uantillas.eMatricula\uantillas.eMatricula.csproj", "{4E86FAF8-54C6-4477-B630-53585E65030F}"
EndProject
Project("{FAE04EC0-301F-11D3-BF4B-00C04F79EFBC}") = "uantillas.DA", "uantillas.DA\uantillas.DA.csproj", "{63E0661B-1C28-423C-B19F-F77A8CBAAE06}"
EndProject
Project("{FAE04EC0-301F-11D3-BF4B-00C04F79EFBC}") = "uantillas.BL", "uantillas.BL\uantillas.BL.csproj", "{CEC7C4AA-0884-46DE-BFA2-A3768FA1D032}"
EndProject
Global
	GlobalSection(SolutionConfigurationPlatforms) = preSolution
		Debug|Any CPU = Debug|Any CPU
		Release|Any CPU = Release|Any CPU
	EndGlobalSection
	GlobalSection(ProjectConfigurationPlatforms) = postSolution
		{4E86FAF8-54C6-4477-B630-53585E65030F}.Debug|Any CPU.ActiveCfg = Debug|Any CPU
		{4E86FAF8-54C6-4477-B630-53585E65030F}.Debug|Any CPU.Build.0 = Debug|Any CPU
		{4E86FAF8-54C6-4477-B630-53585E65030F}.Release|Any CPU.ActiveCfg = Release|Any CPU
		{4E86FAF8-54C6-4477-B630-53585E65030F}.Release|Any CPU.Build.0 = Release|Any CPU
		{63E0661B-1C28-423C-B19F-F77A8CBAAE06}.Debug|Any CPU.ActiveCfg = Debug|Any CPU
		{63E0661B-1C28-423C-B19F-F77A8CBAAE06}.Debug|Any CPU.Build.0 = Debug|Any CPU
		{63E0661B-1C28-423C-B19F-F77A8CBAAE06}.Release|Any CPU.ActiveCfg = Release|Any CPU
		{63E0661B-1C28-423C-B19F-F77A8CBAAE06}.Release|Any CPU.Build.0 = Release|Any CPU
		{CEC7C4AA-0884-46DE-BFA2-A3768FA1D032}.Debug|Any CPU.ActiveCfg = Debug|Any CPU
		{CEC7C4AA-0884-46DE-BFA2-A3768FA1D032}.Debug|Any CPU.Build.0 = Debug|Any CPU
		{CEC7C4AA-0884-46DE-BFA2-A3768FA1D032}.Release|Any CPU.ActiveCfg = Release|Any CPU
		{CEC7C4AA-0884-46DE-BFA2-A3768FA1D032}.Release|Any CPU.Build.0 = Release|Any CPU
	EndGlobalSection
	GlobalSection(SolutionProperties) = preSolution
		HideSolutionNode = FALSE
	EndGlobalSection
EndGlobal
